// !$*UTF8*$!
{
	archiveVersion = 1;
	classes = {
	};
	objectVersion = 48;
	objects = {

/* Begin PBXBuildFile section */
		43639CA61F6EDF4C00E5D9F4 /* AllKanjiExportKit.h in Headers */ = {isa = PBXBuildFile; fileRef = 43639CA41F6EDF4C00E5D9F4 /* AllKanjiExportKit.h */; settings = {ATTRIBUTES = (Public, ); }; };
		43639CA91F6EDF4C00E5D9F4 /* AllKanjiExportKit.framework in Frameworks */ = {isa = PBXBuildFile; fileRef = 43639CA21F6EDF4C00E5D9F4 /* AllKanjiExportKit.framework */; };
		43639CAB1F6EDF4C00E5D9F4 /* AllKanjiExportKit.framework in Embed Frameworks */ = {isa = PBXBuildFile; fileRef = 43639CA21F6EDF4C00E5D9F4 /* AllKanjiExportKit.framework */; settings = {ATTRIBUTES = (CodeSignOnCopy, RemoveHeadersOnCopy, ); }; };
		43639CAF1F6EDF6300E5D9F4 /* Realm.framework in Frameworks */ = {isa = PBXBuildFile; fileRef = 43D4709E1F6ECB1600A97E95 /* Realm.framework */; };
		43639CB01F6EDF6300E5D9F4 /* RealmSwift.framework in Frameworks */ = {isa = PBXBuildFile; fileRef = 43D4709D1F6ECB1600A97E95 /* RealmSwift.framework */; };
		43639CB21F6EDF8100E5D9F4 /* Kanji.swift in Sources */ = {isa = PBXBuildFile; fileRef = 43639CB11F6EDF8100E5D9F4 /* Kanji.swift */; };
		43639CB41F6EE05000E5D9F4 /* Exporter.swift in Sources */ = {isa = PBXBuildFile; fileRef = 43639CB31F6EE05000E5D9F4 /* Exporter.swift */; };
		43639CB61F6EF9B500E5D9F4 /* allKani.json in Resources */ = {isa = PBXBuildFile; fileRef = 43639CB51F6EF8D700E5D9F4 /* allKani.json */; };
		43639CC01F6EFC2500E5D9F4 /* SanjiPersistance.h in Headers */ = {isa = PBXBuildFile; fileRef = 43639CBE1F6EFC2500E5D9F4 /* SanjiPersistance.h */; settings = {ATTRIBUTES = (Public, ); }; };
		43639CC51F6EFC4E00E5D9F4 /* Persistence.swift in Sources */ = {isa = PBXBuildFile; fileRef = 43639CC41F6EFC4E00E5D9F4 /* Persistence.swift */; };
		43639CC71F6EFC7C00E5D9F4 /* Radical.swift in Sources */ = {isa = PBXBuildFile; fileRef = 43639CC61F6EFC7C00E5D9F4 /* Radical.swift */; };
		43639CC81F6EFCCD00E5D9F4 /* Realm.framework in Frameworks */ = {isa = PBXBuildFile; fileRef = 43D4709E1F6ECB1600A97E95 /* Realm.framework */; };
		43639CC91F6EFCCD00E5D9F4 /* RealmSwift.framework in Frameworks */ = {isa = PBXBuildFile; fileRef = 43D4709D1F6ECB1600A97E95 /* RealmSwift.framework */; };
		43639CCA1F6F071300E5D9F4 /* SanjiPersistance.framework in Frameworks */ = {isa = PBXBuildFile; fileRef = 43639CBC1F6EFC2500E5D9F4 /* SanjiPersistance.framework */; };
		43639CCC1F6F076B00E5D9F4 /* RadicalExtension.swift in Sources */ = {isa = PBXBuildFile; fileRef = 43639CCB1F6F076B00E5D9F4 /* RadicalExtension.swift */; };
		43639CCE1F7052F200E5D9F4 /* Meaning.swift in Sources */ = {isa = PBXBuildFile; fileRef = 43639CCD1F7052F200E5D9F4 /* Meaning.swift */; };
		43639CD01F70533A00E5D9F4 /* Animation.swift in Sources */ = {isa = PBXBuildFile; fileRef = 43639CCF1F70533A00E5D9F4 /* Animation.swift */; };
		43639CD21F782F0700E5D9F4 /* Kanji.swift in Sources */ = {isa = PBXBuildFile; fileRef = 43639CD11F782F0700E5D9F4 /* Kanji.swift */; };
		43639CD41F782FA200E5D9F4 /* Kunyomi.swift in Sources */ = {isa = PBXBuildFile; fileRef = 43639CD31F782FA200E5D9F4 /* Kunyomi.swift */; };
		43639CD61F78306500E5D9F4 /* Onyomi.swift in Sources */ = {isa = PBXBuildFile; fileRef = 43639CD51F78306500E5D9F4 /* Onyomi.swift */; };
		43639CD81F7830EF00E5D9F4 /* StrokesSet.swift in Sources */ = {isa = PBXBuildFile; fileRef = 43639CD71F7830EF00E5D9F4 /* StrokesSet.swift */; };
		43639CDA1F7832FD00E5D9F4 /* Video.swift in Sources */ = {isa = PBXBuildFile; fileRef = 43639CD91F7832FD00E5D9F4 /* Video.swift */; };
		43639CDC1F78347700E5D9F4 /* KanjiExtension.swift in Sources */ = {isa = PBXBuildFile; fileRef = 43639CDB1F78347700E5D9F4 /* KanjiExtension.swift */; };
		43639CDE1F78390600E5D9F4 /* MainRadical.swift in Sources */ = {isa = PBXBuildFile; fileRef = 43639CDD1F78390600E5D9F4 /* MainRadical.swift */; };
		438D6C571F6EBB58002E4F22 /* AppDelegate.swift in Sources */ = {isa = PBXBuildFile; fileRef = 438D6C561F6EBB58002E4F22 /* AppDelegate.swift */; };
		438D6C591F6EBB58002E4F22 /* ViewController.swift in Sources */ = {isa = PBXBuildFile; fileRef = 438D6C581F6EBB58002E4F22 /* ViewController.swift */; };
		438D6C5C1F6EBB58002E4F22 /* Main.storyboard in Resources */ = {isa = PBXBuildFile; fileRef = 438D6C5A1F6EBB58002E4F22 /* Main.storyboard */; };
		438D6C5E1F6EBB58002E4F22 /* Assets.xcassets in Resources */ = {isa = PBXBuildFile; fileRef = 438D6C5D1F6EBB58002E4F22 /* Assets.xcassets */; };
		438D6C611F6EBB58002E4F22 /* LaunchScreen.storyboard in Resources */ = {isa = PBXBuildFile; fileRef = 438D6C5F1F6EBB58002E4F22 /* LaunchScreen.storyboard */; };
		43D4709F1F6ECB1600A97E95 /* RealmSwift.framework in Frameworks */ = {isa = PBXBuildFile; fileRef = 43D4709D1F6ECB1600A97E95 /* RealmSwift.framework */; };
		43D470A01F6ECB1600A97E95 /* Realm.framework in Frameworks */ = {isa = PBXBuildFile; fileRef = 43D4709E1F6ECB1600A97E95 /* Realm.framework */; };
		5DC64E7C2035CDBE00EC636E /* MeaningWord.swift in Sources */ = {isa = PBXBuildFile; fileRef = 5DC64E7B2035CDBE00EC636E /* MeaningWord.swift */; };
		5DC64E822035D34700EC636E /* StringToken.swift in Sources */ = {isa = PBXBuildFile; fileRef = 5DC64E812035D34700EC636E /* StringToken.swift */; };
/* End PBXBuildFile section */

/* Begin PBXContainerItemProxy section */
		43639CA71F6EDF4C00E5D9F4 /* PBXContainerItemProxy */ = {
			isa = PBXContainerItemProxy;
			containerPortal = 438D6C4B1F6EBB58002E4F22 /* Project object */;
			proxyType = 1;
			remoteGlobalIDString = 43639CA11F6EDF4C00E5D9F4;
			remoteInfo = AllKanjiExportKit;
		};
/* End PBXContainerItemProxy section */

/* Begin PBXCopyFilesBuildPhase section */
		43639CAA1F6EDF4C00E5D9F4 /* Embed Frameworks */ = {
			isa = PBXCopyFilesBuildPhase;
			buildActionMask = 2147483647;
			dstPath = "";
			dstSubfolderSpec = 10;
			files = (
				43639CAB1F6EDF4C00E5D9F4 /* AllKanjiExportKit.framework in Embed Frameworks */,
			);
			name = "Embed Frameworks";
			runOnlyForDeploymentPostprocessing = 0;
		};
/* End PBXCopyFilesBuildPhase section */

/* Begin PBXFileReference section */
		43639CA21F6EDF4C00E5D9F4 /* AllKanjiExportKit.framework */ = {isa = PBXFileReference; explicitFileType = wrapper.framework; includeInIndex = 0; path = AllKanjiExportKit.framework; sourceTree = BUILT_PRODUCTS_DIR; };
		43639CA41F6EDF4C00E5D9F4 /* AllKanjiExportKit.h */ = {isa = PBXFileReference; lastKnownFileType = sourcecode.c.h; path = AllKanjiExportKit.h; sourceTree = "<group>"; };
		43639CA51F6EDF4C00E5D9F4 /* Info.plist */ = {isa = PBXFileReference; lastKnownFileType = text.plist.xml; path = Info.plist; sourceTree = "<group>"; };
		43639CB11F6EDF8100E5D9F4 /* Kanji.swift */ = {isa = PBXFileReference; lastKnownFileType = sourcecode.swift; path = Kanji.swift; sourceTree = "<group>"; };
		43639CB31F6EE05000E5D9F4 /* Exporter.swift */ = {isa = PBXFileReference; lastKnownFileType = sourcecode.swift; path = Exporter.swift; sourceTree = "<group>"; };
		43639CB51F6EF8D700E5D9F4 /* allKani.json */ = {isa = PBXFileReference; lastKnownFileType = text.json; path = allKani.json; sourceTree = "<group>"; };
		43639CBC1F6EFC2500E5D9F4 /* SanjiPersistance.framework */ = {isa = PBXFileReference; explicitFileType = wrapper.framework; includeInIndex = 0; path = SanjiPersistance.framework; sourceTree = BUILT_PRODUCTS_DIR; };
		43639CBE1F6EFC2500E5D9F4 /* SanjiPersistance.h */ = {isa = PBXFileReference; lastKnownFileType = sourcecode.c.h; path = SanjiPersistance.h; sourceTree = "<group>"; };
		43639CBF1F6EFC2500E5D9F4 /* Info.plist */ = {isa = PBXFileReference; lastKnownFileType = text.plist.xml; path = Info.plist; sourceTree = "<group>"; };
		43639CC41F6EFC4E00E5D9F4 /* Persistence.swift */ = {isa = PBXFileReference; lastKnownFileType = sourcecode.swift; path = Persistence.swift; sourceTree = "<group>"; };
		43639CC61F6EFC7C00E5D9F4 /* Radical.swift */ = {isa = PBXFileReference; lastKnownFileType = sourcecode.swift; path = Radical.swift; sourceTree = "<group>"; };
		43639CCB1F6F076B00E5D9F4 /* RadicalExtension.swift */ = {isa = PBXFileReference; lastKnownFileType = sourcecode.swift; path = RadicalExtension.swift; sourceTree = "<group>"; };
		43639CCD1F7052F200E5D9F4 /* Meaning.swift */ = {isa = PBXFileReference; lastKnownFileType = sourcecode.swift; path = Meaning.swift; sourceTree = "<group>"; };
		43639CCF1F70533A00E5D9F4 /* Animation.swift */ = {isa = PBXFileReference; lastKnownFileType = sourcecode.swift; path = Animation.swift; sourceTree = "<group>"; };
		43639CD11F782F0700E5D9F4 /* Kanji.swift */ = {isa = PBXFileReference; lastKnownFileType = sourcecode.swift; path = Kanji.swift; sourceTree = "<group>"; };
		43639CD31F782FA200E5D9F4 /* Kunyomi.swift */ = {isa = PBXFileReference; lastKnownFileType = sourcecode.swift; path = Kunyomi.swift; sourceTree = "<group>"; };
		43639CD51F78306500E5D9F4 /* Onyomi.swift */ = {isa = PBXFileReference; lastKnownFileType = sourcecode.swift; path = Onyomi.swift; sourceTree = "<group>"; };
		43639CD71F7830EF00E5D9F4 /* StrokesSet.swift */ = {isa = PBXFileReference; lastKnownFileType = sourcecode.swift; path = StrokesSet.swift; sourceTree = "<group>"; };
		43639CD91F7832FD00E5D9F4 /* Video.swift */ = {isa = PBXFileReference; lastKnownFileType = sourcecode.swift; path = Video.swift; sourceTree = "<group>"; };
		43639CDB1F78347700E5D9F4 /* KanjiExtension.swift */ = {isa = PBXFileReference; lastKnownFileType = sourcecode.swift; path = KanjiExtension.swift; sourceTree = "<group>"; };
		43639CDD1F78390600E5D9F4 /* MainRadical.swift */ = {isa = PBXFileReference; lastKnownFileType = sourcecode.swift; path = MainRadical.swift; sourceTree = "<group>"; };
		438D6C531F6EBB58002E4F22 /* KanjiExporter.app */ = {isa = PBXFileReference; explicitFileType = wrapper.application; includeInIndex = 0; path = KanjiExporter.app; sourceTree = BUILT_PRODUCTS_DIR; };
		438D6C561F6EBB58002E4F22 /* AppDelegate.swift */ = {isa = PBXFileReference; lastKnownFileType = sourcecode.swift; path = AppDelegate.swift; sourceTree = "<group>"; };
		438D6C581F6EBB58002E4F22 /* ViewController.swift */ = {isa = PBXFileReference; lastKnownFileType = sourcecode.swift; path = ViewController.swift; sourceTree = "<group>"; };
		438D6C5B1F6EBB58002E4F22 /* Base */ = {isa = PBXFileReference; lastKnownFileType = file.storyboard; name = Base; path = Base.lproj/Main.storyboard; sourceTree = "<group>"; };
		438D6C5D1F6EBB58002E4F22 /* Assets.xcassets */ = {isa = PBXFileReference; lastKnownFileType = folder.assetcatalog; path = Assets.xcassets; sourceTree = "<group>"; };
		438D6C601F6EBB58002E4F22 /* Base */ = {isa = PBXFileReference; lastKnownFileType = file.storyboard; name = Base; path = Base.lproj/LaunchScreen.storyboard; sourceTree = "<group>"; };
		438D6C621F6EBB58002E4F22 /* Info.plist */ = {isa = PBXFileReference; lastKnownFileType = text.plist.xml; path = Info.plist; sourceTree = "<group>"; };
		43D4709D1F6ECB1600A97E95 /* RealmSwift.framework */ = {isa = PBXFileReference; lastKnownFileType = wrapper.framework; name = RealmSwift.framework; path = Carthage/Build/iOS/RealmSwift.framework; sourceTree = "<group>"; };
		43D4709E1F6ECB1600A97E95 /* Realm.framework */ = {isa = PBXFileReference; lastKnownFileType = wrapper.framework; name = Realm.framework; path = Carthage/Build/iOS/Realm.framework; sourceTree = "<group>"; };
		5DC64E7B2035CDBE00EC636E /* MeaningWord.swift */ = {isa = PBXFileReference; lastKnownFileType = sourcecode.swift; path = MeaningWord.swift; sourceTree = "<group>"; };
		5DC64E812035D34700EC636E /* StringToken.swift */ = {isa = PBXFileReference; lastKnownFileType = sourcecode.swift; path = StringToken.swift; sourceTree = "<group>"; };
/* End PBXFileReference section */

/* Begin PBXFrameworksBuildPhase section */
		43639C9E1F6EDF4C00E5D9F4 /* Frameworks */ = {
			isa = PBXFrameworksBuildPhase;
			buildActionMask = 2147483647;
			files = (
				43639CCA1F6F071300E5D9F4 /* SanjiPersistance.framework in Frameworks */,
				43639CAF1F6EDF6300E5D9F4 /* Realm.framework in Frameworks */,
				43639CB01F6EDF6300E5D9F4 /* RealmSwift.framework in Frameworks */,
			);
			runOnlyForDeploymentPostprocessing = 0;
		};
		43639CB81F6EFC2500E5D9F4 /* Frameworks */ = {
			isa = PBXFrameworksBuildPhase;
			buildActionMask = 2147483647;
			files = (
				43639CC81F6EFCCD00E5D9F4 /* Realm.framework in Frameworks */,
				43639CC91F6EFCCD00E5D9F4 /* RealmSwift.framework in Frameworks */,
			);
			runOnlyForDeploymentPostprocessing = 0;
		};
		438D6C501F6EBB58002E4F22 /* Frameworks */ = {
			isa = PBXFrameworksBuildPhase;
			buildActionMask = 2147483647;
			files = (
				43639CA91F6EDF4C00E5D9F4 /* AllKanjiExportKit.framework in Frameworks */,
				43D4709F1F6ECB1600A97E95 /* RealmSwift.framework in Frameworks */,
				43D470A01F6ECB1600A97E95 /* Realm.framework in Frameworks */,
			);
			runOnlyForDeploymentPostprocessing = 0;
		};
/* End PBXFrameworksBuildPhase section */

/* Begin PBXGroup section */
		43639CA31F6EDF4C00E5D9F4 /* AllKanjiExportKit */ = {
			isa = PBXGroup;
			children = (
				43639CB51F6EF8D700E5D9F4 /* allKani.json */,
				43639CA41F6EDF4C00E5D9F4 /* AllKanjiExportKit.h */,
				43639CB11F6EDF8100E5D9F4 /* Kanji.swift */,
				43639CB31F6EE05000E5D9F4 /* Exporter.swift */,
				43639CCB1F6F076B00E5D9F4 /* RadicalExtension.swift */,
				43639CDB1F78347700E5D9F4 /* KanjiExtension.swift */,
				43639CA51F6EDF4C00E5D9F4 /* Info.plist */,
			);
			path = AllKanjiExportKit;
			sourceTree = "<group>";
		};
		43639CBD1F6EFC2500E5D9F4 /* SanjiPersistance */ = {
			isa = PBXGroup;
			children = (
				43639CBE1F6EFC2500E5D9F4 /* SanjiPersistance.h */,
				43639CC41F6EFC4E00E5D9F4 /* Persistence.swift */,
				43639CC61F6EFC7C00E5D9F4 /* Radical.swift */,
				43639CCD1F7052F200E5D9F4 /* Meaning.swift */,
				5DC64E7B2035CDBE00EC636E /* MeaningWord.swift */,
				43639CCF1F70533A00E5D9F4 /* Animation.swift */,
				43639CD11F782F0700E5D9F4 /* Kanji.swift */,
				43639CD31F782FA200E5D9F4 /* Kunyomi.swift */,
				43639CD51F78306500E5D9F4 /* Onyomi.swift */,
				5DC64E812035D34700EC636E /* StringToken.swift */,
				43639CD71F7830EF00E5D9F4 /* StrokesSet.swift */,
				43639CD91F7832FD00E5D9F4 /* Video.swift */,
				43639CDD1F78390600E5D9F4 /* MainRadical.swift */,
				43639CBF1F6EFC2500E5D9F4 /* Info.plist */,
			);
			path = SanjiPersistance;
			sourceTree = "<group>";
		};
		438D6C4A1F6EBB58002E4F22 = {
			isa = PBXGroup;
			children = (
				438D6C551F6EBB58002E4F22 /* KanjiExporterApp */,
				43639CA31F6EDF4C00E5D9F4 /* AllKanjiExportKit */,
				43639CBD1F6EFC2500E5D9F4 /* SanjiPersistance */,
				438D6C541F6EBB58002E4F22 /* Products */,
				43D4709C1F6ECB1600A97E95 /* Frameworks */,
			);
			sourceTree = "<group>";
		};
		438D6C541F6EBB58002E4F22 /* Products */ = {
			isa = PBXGroup;
			children = (
				438D6C531F6EBB58002E4F22 /* KanjiExporter.app */,
				43639CA21F6EDF4C00E5D9F4 /* AllKanjiExportKit.framework */,
				43639CBC1F6EFC2500E5D9F4 /* SanjiPersistance.framework */,
			);
			name = Products;
			sourceTree = "<group>";
		};
		438D6C551F6EBB58002E4F22 /* KanjiExporterApp */ = {
			isa = PBXGroup;
			children = (
				438D6C561F6EBB58002E4F22 /* AppDelegate.swift */,
				438D6C581F6EBB58002E4F22 /* ViewController.swift */,
				438D6C5A1F6EBB58002E4F22 /* Main.storyboard */,
				438D6C5D1F6EBB58002E4F22 /* Assets.xcassets */,
				438D6C5F1F6EBB58002E4F22 /* LaunchScreen.storyboard */,
				438D6C621F6EBB58002E4F22 /* Info.plist */,
			);
			path = KanjiExporterApp;
			sourceTree = "<group>";
		};
		43D4709C1F6ECB1600A97E95 /* Frameworks */ = {
			isa = PBXGroup;
			children = (
				43D4709E1F6ECB1600A97E95 /* Realm.framework */,
				43D4709D1F6ECB1600A97E95 /* RealmSwift.framework */,
			);
			name = Frameworks;
			sourceTree = "<group>";
		};
/* End PBXGroup section */

/* Begin PBXHeadersBuildPhase section */
		43639C9F1F6EDF4C00E5D9F4 /* Headers */ = {
			isa = PBXHeadersBuildPhase;
			buildActionMask = 2147483647;
			files = (
				43639CA61F6EDF4C00E5D9F4 /* AllKanjiExportKit.h in Headers */,
			);
			runOnlyForDeploymentPostprocessing = 0;
		};
		43639CB91F6EFC2500E5D9F4 /* Headers */ = {
			isa = PBXHeadersBuildPhase;
			buildActionMask = 2147483647;
			files = (
				43639CC01F6EFC2500E5D9F4 /* SanjiPersistance.h in Headers */,
			);
			runOnlyForDeploymentPostprocessing = 0;
		};
/* End PBXHeadersBuildPhase section */

/* Begin PBXNativeTarget section */
		43639CA11F6EDF4C00E5D9F4 /* AllKanjiExportKit */ = {
			isa = PBXNativeTarget;
			buildConfigurationList = 43639CAE1F6EDF4C00E5D9F4 /* Build configuration list for PBXNativeTarget "AllKanjiExportKit" */;
			buildPhases = (
				43639C9D1F6EDF4C00E5D9F4 /* Sources */,
				43639C9E1F6EDF4C00E5D9F4 /* Frameworks */,
				43639C9F1F6EDF4C00E5D9F4 /* Headers */,
				43639CA01F6EDF4C00E5D9F4 /* Resources */,
			);
			buildRules = (
			);
			dependencies = (
			);
			name = AllKanjiExportKit;
			productName = AllKanjiExportKit;
			productReference = 43639CA21F6EDF4C00E5D9F4 /* AllKanjiExportKit.framework */;
			productType = "com.apple.product-type.framework";
		};
		43639CBB1F6EFC2500E5D9F4 /* SanjiPersistance */ = {
			isa = PBXNativeTarget;
			buildConfigurationList = 43639CC11F6EFC2500E5D9F4 /* Build configuration list for PBXNativeTarget "SanjiPersistance" */;
			buildPhases = (
				43639CB71F6EFC2500E5D9F4 /* Sources */,
				43639CB81F6EFC2500E5D9F4 /* Frameworks */,
				43639CB91F6EFC2500E5D9F4 /* Headers */,
				43639CBA1F6EFC2500E5D9F4 /* Resources */,
			);
			buildRules = (
			);
			dependencies = (
			);
			name = SanjiPersistance;
			productName = SanjiPersistance;
			productReference = 43639CBC1F6EFC2500E5D9F4 /* SanjiPersistance.framework */;
			productType = "com.apple.product-type.framework";
		};
		438D6C521F6EBB58002E4F22 /* KanjiExporter */ = {
			isa = PBXNativeTarget;
			buildConfigurationList = 438D6C651F6EBB58002E4F22 /* Build configuration list for PBXNativeTarget "KanjiExporter" */;
			buildPhases = (
				438D6C4F1F6EBB58002E4F22 /* Sources */,
				438D6C501F6EBB58002E4F22 /* Frameworks */,
				438D6C511F6EBB58002E4F22 /* Resources */,
				43D470A11F6ECBF300A97E95 /* ShellScript */,
				43639CAA1F6EDF4C00E5D9F4 /* Embed Frameworks */,
			);
			buildRules = (
			);
			dependencies = (
				43639CA81F6EDF4C00E5D9F4 /* PBXTargetDependency */,
			);
			name = KanjiExporter;
			productName = SanjiKanji;
			productReference = 438D6C531F6EBB58002E4F22 /* KanjiExporter.app */;
			productType = "com.apple.product-type.application";
		};
/* End PBXNativeTarget section */

/* Begin PBXProject section */
		438D6C4B1F6EBB58002E4F22 /* Project object */ = {
			isa = PBXProject;
			attributes = {
				LastSwiftUpdateCheck = 0900;
				LastUpgradeCheck = 0900;
				ORGANIZATIONNAME = haawa;
				TargetAttributes = {
					43639CA11F6EDF4C00E5D9F4 = {
						CreatedOnToolsVersion = 9.0;
						LastSwiftMigration = 0900;
						ProvisioningStyle = Automatic;
					};
					43639CBB1F6EFC2500E5D9F4 = {
						CreatedOnToolsVersion = 9.0;
						LastSwiftMigration = 0900;
						ProvisioningStyle = Automatic;
					};
					438D6C521F6EBB58002E4F22 = {
						CreatedOnToolsVersion = 9.0;
					};
				};
			};
			buildConfigurationList = 438D6C4E1F6EBB58002E4F22 /* Build configuration list for PBXProject "KanjiExporter" */;
			compatibilityVersion = "Xcode 8.0";
			developmentRegion = en;
			hasScannedForEncodings = 0;
			knownRegions = (
				en,
				Base,
			);
			mainGroup = 438D6C4A1F6EBB58002E4F22;
			productRefGroup = 438D6C541F6EBB58002E4F22 /* Products */;
			projectDirPath = "";
			projectRoot = "";
			targets = (
				438D6C521F6EBB58002E4F22 /* KanjiExporter */,
				43639CA11F6EDF4C00E5D9F4 /* AllKanjiExportKit */,
				43639CBB1F6EFC2500E5D9F4 /* SanjiPersistance */,
			);
		};
/* End PBXProject section */

/* Begin PBXResourcesBuildPhase section */
		43639CA01F6EDF4C00E5D9F4 /* Resources */ = {
			isa = PBXResourcesBuildPhase;
			buildActionMask = 2147483647;
			files = (
				43639CB61F6EF9B500E5D9F4 /* allKani.json in Resources */,
			);
			runOnlyForDeploymentPostprocessing = 0;
		};
		43639CBA1F6EFC2500E5D9F4 /* Resources */ = {
			isa = PBXResourcesBuildPhase;
			buildActionMask = 2147483647;
			files = (
			);
			runOnlyForDeploymentPostprocessing = 0;
		};
		438D6C511F6EBB58002E4F22 /* Resources */ = {
			isa = PBXResourcesBuildPhase;
			buildActionMask = 2147483647;
			files = (
				438D6C611F6EBB58002E4F22 /* LaunchScreen.storyboard in Resources */,
				438D6C5E1F6EBB58002E4F22 /* Assets.xcassets in Resources */,
				438D6C5C1F6EBB58002E4F22 /* Main.storyboard in Resources */,
			);
			runOnlyForDeploymentPostprocessing = 0;
		};
/* End PBXResourcesBuildPhase section */

/* Begin PBXShellScriptBuildPhase section */
		43D470A11F6ECBF300A97E95 /* ShellScript */ = {
			isa = PBXShellScriptBuildPhase;
			buildActionMask = 2147483647;
			files = (
			);
			inputPaths = (
				"$(SRCROOT)/Carthage/Build/iOS/Realm.framework",
				"$(SRCROOT)/Carthage/Build/iOS/RealmSwift.framework",
			);
			outputPaths = (
			);
			runOnlyForDeploymentPostprocessing = 0;
			shellPath = /bin/sh;
			shellScript = "/usr/local/bin/carthage copy-frameworks";
		};
/* End PBXShellScriptBuildPhase section */

/* Begin PBXSourcesBuildPhase section */
		43639C9D1F6EDF4C00E5D9F4 /* Sources */ = {
			isa = PBXSourcesBuildPhase;
			buildActionMask = 2147483647;
			files = (
				43639CB41F6EE05000E5D9F4 /* Exporter.swift in Sources */,
				43639CDC1F78347700E5D9F4 /* KanjiExtension.swift in Sources */,
				43639CCC1F6F076B00E5D9F4 /* RadicalExtension.swift in Sources */,
				43639CB21F6EDF8100E5D9F4 /* Kanji.swift in Sources */,
			);
			runOnlyForDeploymentPostprocessing = 0;
		};
		43639CB71F6EFC2500E5D9F4 /* Sources */ = {
			isa = PBXSourcesBuildPhase;
			buildActionMask = 2147483647;
			files = (
				43639CD61F78306500E5D9F4 /* Onyomi.swift in Sources */,
				43639CDE1F78390600E5D9F4 /* MainRadical.swift in Sources */,
				43639CD21F782F0700E5D9F4 /* Kanji.swift in Sources */,
				43639CD81F7830EF00E5D9F4 /* StrokesSet.swift in Sources */,
				43639CC71F6EFC7C00E5D9F4 /* Radical.swift in Sources */,
				43639CDA1F7832FD00E5D9F4 /* Video.swift in Sources */,
				5DC64E822035D34700EC636E /* StringToken.swift in Sources */,
				43639CC51F6EFC4E00E5D9F4 /* Persistence.swift in Sources */,
				43639CD01F70533A00E5D9F4 /* Animation.swift in Sources */,
				43639CD41F782FA200E5D9F4 /* Kunyomi.swift in Sources */,
				5DC64E7C2035CDBE00EC636E /* MeaningWord.swift in Sources */,
				43639CCE1F7052F200E5D9F4 /* Meaning.swift in Sources */,
			);
			runOnlyForDeploymentPostprocessing = 0;
		};
		438D6C4F1F6EBB58002E4F22 /* Sources */ = {
			isa = PBXSourcesBuildPhase;
			buildActionMask = 2147483647;
			files = (
				438D6C591F6EBB58002E4F22 /* ViewController.swift in Sources */,
				438D6C571F6EBB58002E4F22 /* AppDelegate.swift in Sources */,
			);
			runOnlyForDeploymentPostprocessing = 0;
		};
/* End PBXSourcesBuildPhase section */

/* Begin PBXTargetDependency section */
		43639CA81F6EDF4C00E5D9F4 /* PBXTargetDependency */ = {
			isa = PBXTargetDependency;
			target = 43639CA11F6EDF4C00E5D9F4 /* AllKanjiExportKit */;
			targetProxy = 43639CA71F6EDF4C00E5D9F4 /* PBXContainerItemProxy */;
		};
/* End PBXTargetDependency section */

/* Begin PBXVariantGroup section */
		438D6C5A1F6EBB58002E4F22 /* Main.storyboard */ = {
			isa = PBXVariantGroup;
			children = (
				438D6C5B1F6EBB58002E4F22 /* Base */,
			);
			name = Main.storyboard;
			sourceTree = "<group>";
		};
		438D6C5F1F6EBB58002E4F22 /* LaunchScreen.storyboard */ = {
			isa = PBXVariantGroup;
			children = (
				438D6C601F6EBB58002E4F22 /* Base */,
			);
			name = LaunchScreen.storyboard;
			sourceTree = "<group>";
		};
/* End PBXVariantGroup section */

/* Begin XCBuildConfiguration section */
		43639CAC1F6EDF4C00E5D9F4 /* Debug */ = {
			isa = XCBuildConfiguration;
			buildSettings = {
				CLANG_ENABLE_MODULES = YES;
				CODE_SIGN_IDENTITY = "";
				CODE_SIGN_STYLE = Automatic;
				CURRENT_PROJECT_VERSION = 1;
				DEFINES_MODULE = YES;
				DYLIB_COMPATIBILITY_VERSION = 1;
				DYLIB_CURRENT_VERSION = 1;
				DYLIB_INSTALL_NAME_BASE = "@rpath";
				FRAMEWORK_SEARCH_PATHS = (
					"$(inherited)",
					"$(PROJECT_DIR)/Carthage/Build/iOS",
				);
				INFOPLIST_FILE = AllKanjiExportKit/Info.plist;
				INSTALL_PATH = "$(LOCAL_LIBRARY_DIR)/Frameworks";
				LD_RUNPATH_SEARCH_PATHS = "$(inherited) @executable_path/Frameworks @loader_path/Frameworks";
				PRODUCT_BUNDLE_IDENTIFIER = com.haawa.AllKanjiExportKit;
				PRODUCT_NAME = "$(TARGET_NAME:c99extidentifier)";
				SKIP_INSTALL = YES;
				SWIFT_OPTIMIZATION_LEVEL = "-Onone";
				SWIFT_VERSION = 4.0;
				TARGETED_DEVICE_FAMILY = "1,2";
				VERSIONING_SYSTEM = "apple-generic";
				VERSION_INFO_PREFIX = "";
			};
			name = Debug;
		};
		43639CAD1F6EDF4C00E5D9F4 /* Release */ = {
			isa = XCBuildConfiguration;
			buildSettings = {
				CLANG_ENABLE_MODULES = YES;
				CODE_SIGN_IDENTITY = "";
				CODE_SIGN_STYLE = Automatic;
				CURRENT_PROJECT_VERSION = 1;
				DEFINES_MODULE = YES;
				DYLIB_COMPATIBILITY_VERSION = 1;
				DYLIB_CURRENT_VERSION = 1;
				DYLIB_INSTALL_NAME_BASE = "@rpath";
				FRAMEWORK_SEARCH_PATHS = (
					"$(inherited)",
					"$(PROJECT_DIR)/Carthage/Build/iOS",
				);
				INFOPLIST_FILE = AllKanjiExportKit/Info.plist;
				INSTALL_PATH = "$(LOCAL_LIBRARY_DIR)/Frameworks";
				LD_RUNPATH_SEARCH_PATHS = "$(inherited) @executable_path/Frameworks @loader_path/Frameworks";
				PRODUCT_BUNDLE_IDENTIFIER = com.haawa.AllKanjiExportKit;
				PRODUCT_NAME = "$(TARGET_NAME:c99extidentifier)";
				SKIP_INSTALL = YES;
				SWIFT_VERSION = 4.0;
				TARGETED_DEVICE_FAMILY = "1,2";
				VERSIONING_SYSTEM = "apple-generic";
				VERSION_INFO_PREFIX = "";
			};
			name = Release;
		};
		43639CC21F6EFC2500E5D9F4 /* Debug */ = {
			isa = XCBuildConfiguration;
			buildSettings = {
				CLANG_ENABLE_MODULES = YES;
				CODE_SIGN_IDENTITY = "";
				CODE_SIGN_STYLE = Automatic;
				CURRENT_PROJECT_VERSION = 1;
				DEFINES_MODULE = YES;
				DYLIB_COMPATIBILITY_VERSION = 1;
				DYLIB_CURRENT_VERSION = 1;
				DYLIB_INSTALL_NAME_BASE = "@rpath";
				FRAMEWORK_SEARCH_PATHS = (
					"$(inherited)",
					"$(PROJECT_DIR)/Carthage/Build/iOS",
				);
				INFOPLIST_FILE = SanjiPersistance/Info.plist;
				INSTALL_PATH = "$(LOCAL_LIBRARY_DIR)/Frameworks";
				LD_RUNPATH_SEARCH_PATHS = "$(inherited) @executable_path/Frameworks @loader_path/Frameworks";
				PRODUCT_BUNDLE_IDENTIFIER = com.haawa.SanjiPersistance;
				PRODUCT_NAME = "$(TARGET_NAME:c99extidentifier)";
				SKIP_INSTALL = YES;
				SWIFT_OPTIMIZATION_LEVEL = "-Onone";
				SWIFT_VERSION = 4.0;
				TARGETED_DEVICE_FAMILY = "1,2";
				VERSIONING_SYSTEM = "apple-generic";
				VERSION_INFO_PREFIX = "";
			};
			name = Debug;
		};
		43639CC31F6EFC2500E5D9F4 /* Release */ = {
			isa = XCBuildConfiguration;
			buildSettings = {
				CLANG_ENABLE_MODULES = YES;
				CODE_SIGN_IDENTITY = "";
				CODE_SIGN_STYLE = Automatic;
				CURRENT_PROJECT_VERSION = 1;
				DEFINES_MODULE = YES;
				DYLIB_COMPATIBILITY_VERSION = 1;
				DYLIB_CURRENT_VERSION = 1;
				DYLIB_INSTALL_NAME_BASE = "@rpath";
				FRAMEWORK_SEARCH_PATHS = (
					"$(inherited)",
					"$(PROJECT_DIR)/Carthage/Build/iOS",
				);
				INFOPLIST_FILE = SanjiPersistance/Info.plist;
				INSTALL_PATH = "$(LOCAL_LIBRARY_DIR)/Frameworks";
				LD_RUNPATH_SEARCH_PATHS = "$(inherited) @executable_path/Frameworks @loader_path/Frameworks";
				PRODUCT_BUNDLE_IDENTIFIER = com.haawa.SanjiPersistance;
				PRODUCT_NAME = "$(TARGET_NAME:c99extidentifier)";
				SKIP_INSTALL = YES;
				SWIFT_VERSION = 4.0;
				TARGETED_DEVICE_FAMILY = "1,2";
				VERSIONING_SYSTEM = "apple-generic";
				VERSION_INFO_PREFIX = "";
			};
			name = Release;
		};
		438D6C631F6EBB58002E4F22 /* Debug */ = {
			isa = XCBuildConfiguration;
			buildSettings = {
				ALWAYS_SEARCH_USER_PATHS = NO;
				CLANG_ANALYZER_NONNULL = YES;
				CLANG_ANALYZER_NUMBER_OBJECT_CONVERSION = YES_AGGRESSIVE;
				CLANG_CXX_LANGUAGE_STANDARD = "gnu++14";
				CLANG_CXX_LIBRARY = "libc++";
				CLANG_ENABLE_MODULES = YES;
				CLANG_ENABLE_OBJC_ARC = YES;
				CLANG_WARN_BLOCK_CAPTURE_AUTORELEASING = YES;
				CLANG_WARN_BOOL_CONVERSION = YES;
				CLANG_WARN_COMMA = YES;
				CLANG_WARN_CONSTANT_CONVERSION = YES;
				CLANG_WARN_DIRECT_OBJC_ISA_USAGE = YES_ERROR;
				CLANG_WARN_DOCUMENTATION_COMMENTS = YES;
				CLANG_WARN_EMPTY_BODY = YES;
				CLANG_WARN_ENUM_CONVERSION = YES;
				CLANG_WARN_INFINITE_RECURSION = YES;
				CLANG_WARN_INT_CONVERSION = YES;
				CLANG_WARN_NON_LITERAL_NULL_CONVERSION = YES;
				CLANG_WARN_OBJC_LITERAL_CONVERSION = YES;
				CLANG_WARN_OBJC_ROOT_CLASS = YES_ERROR;
				CLANG_WARN_RANGE_LOOP_ANALYSIS = YES;
				CLANG_WARN_STRICT_PROTOTYPES = YES;
				CLANG_WARN_SUSPICIOUS_MOVE = YES;
				CLANG_WARN_UNGUARDED_AVAILABILITY = YES_AGGRESSIVE;
				CLANG_WARN_UNREACHABLE_CODE = YES;
				CLANG_WARN__DUPLICATE_METHOD_MATCH = YES;
				CODE_SIGN_IDENTITY = "iPhone Developer";
				COPY_PHASE_STRIP = NO;
				DEBUG_INFORMATION_FORMAT = dwarf;
				ENABLE_STRICT_OBJC_MSGSEND = YES;
				ENABLE_TESTABILITY = YES;
				GCC_C_LANGUAGE_STANDARD = gnu11;
				GCC_DYNAMIC_NO_PIC = NO;
				GCC_NO_COMMON_BLOCKS = YES;
				GCC_OPTIMIZATION_LEVEL = 0;
				GCC_PREPROCESSOR_DEFINITIONS = (
					"DEBUG=1",
					"$(inherited)",
				);
				GCC_WARN_64_TO_32_BIT_CONVERSION = YES;
				GCC_WARN_ABOUT_RETURN_TYPE = YES_ERROR;
				GCC_WARN_UNDECLARED_SELECTOR = YES;
				GCC_WARN_UNINITIALIZED_AUTOS = YES_AGGRESSIVE;
				GCC_WARN_UNUSED_FUNCTION = YES;
				GCC_WARN_UNUSED_VARIABLE = YES;
				IPHONEOS_DEPLOYMENT_TARGET = 11.0;
				MTL_ENABLE_DEBUG_INFO = YES;
				ONLY_ACTIVE_ARCH = YES;
				SDKROOT = iphoneos;
				SWIFT_ACTIVE_COMPILATION_CONDITIONS = DEBUG;
				SWIFT_OPTIMIZATION_LEVEL = "-Onone";
			};
			name = Debug;
		};
		438D6C641F6EBB58002E4F22 /* Release */ = {
			isa = XCBuildConfiguration;
			buildSettings = {
				ALWAYS_SEARCH_USER_PATHS = NO;
				CLANG_ANALYZER_NONNULL = YES;
				CLANG_ANALYZER_NUMBER_OBJECT_CONVERSION = YES_AGGRESSIVE;
				CLANG_CXX_LANGUAGE_STANDARD = "gnu++14";
				CLANG_CXX_LIBRARY = "libc++";
				CLANG_ENABLE_MODULES = YES;
				CLANG_ENABLE_OBJC_ARC = YES;
				CLANG_WARN_BLOCK_CAPTURE_AUTORELEASING = YES;
				CLANG_WARN_BOOL_CONVERSION = YES;
				CLANG_WARN_COMMA = YES;
				CLANG_WARN_CONSTANT_CONVERSION = YES;
				CLANG_WARN_DIRECT_OBJC_ISA_USAGE = YES_ERROR;
				CLANG_WARN_DOCUMENTATION_COMMENTS = YES;
				CLANG_WARN_EMPTY_BODY = YES;
				CLANG_WARN_ENUM_CONVERSION = YES;
				CLANG_WARN_INFINITE_RECURSION = YES;
				CLANG_WARN_INT_CONVERSION = YES;
				CLANG_WARN_NON_LITERAL_NULL_CONVERSION = YES;
				CLANG_WARN_OBJC_LITERAL_CONVERSION = YES;
				CLANG_WARN_OBJC_ROOT_CLASS = YES_ERROR;
				CLANG_WARN_RANGE_LOOP_ANALYSIS = YES;
				CLANG_WARN_STRICT_PROTOTYPES = YES;
				CLANG_WARN_SUSPICIOUS_MOVE = YES;
				CLANG_WARN_UNGUARDED_AVAILABILITY = YES_AGGRESSIVE;
				CLANG_WARN_UNREACHABLE_CODE = YES;
				CLANG_WARN__DUPLICATE_METHOD_MATCH = YES;
				CODE_SIGN_IDENTITY = "iPhone Developer";
				COPY_PHASE_STRIP = NO;
				DEBUG_INFORMATION_FORMAT = "dwarf-with-dsym";
				ENABLE_NS_ASSERTIONS = NO;
				ENABLE_STRICT_OBJC_MSGSEND = YES;
				GCC_C_LANGUAGE_STANDARD = gnu11;
				GCC_NO_COMMON_BLOCKS = YES;
				GCC_WARN_64_TO_32_BIT_CONVERSION = YES;
				GCC_WARN_ABOUT_RETURN_TYPE = YES_ERROR;
				GCC_WARN_UNDECLARED_SELECTOR = YES;
				GCC_WARN_UNINITIALIZED_AUTOS = YES_AGGRESSIVE;
				GCC_WARN_UNUSED_FUNCTION = YES;
				GCC_WARN_UNUSED_VARIABLE = YES;
				IPHONEOS_DEPLOYMENT_TARGET = 11.0;
				MTL_ENABLE_DEBUG_INFO = NO;
				SDKROOT = iphoneos;
				SWIFT_OPTIMIZATION_LEVEL = "-Owholemodule";
				VALIDATE_PRODUCT = YES;
			};
			name = Release;
		};
		438D6C661F6EBB58002E4F22 /* Debug */ = {
			isa = XCBuildConfiguration;
			buildSettings = {
				ALWAYS_EMBED_SWIFT_STANDARD_LIBRARIES = YES;
				ASSETCATALOG_COMPILER_APPICON_NAME = AppIcon;
				FRAMEWORK_SEARCH_PATHS = (
					"$(inherited)",
					"$(PROJECT_DIR)/Carthage/Build/iOS",
				);
				INFOPLIST_FILE = SanjiKanji/Info.plist;
				LD_RUNPATH_SEARCH_PATHS = "$(inherited) @executable_path/Frameworks";
				PRODUCT_BUNDLE_IDENTIFIER = com.haawa.SanjiKanji;
				PRODUCT_NAME = "$(TARGET_NAME)";
				SWIFT_VERSION = 4.0;
				TARGETED_DEVICE_FAMILY = "1,2";
			};
			name = Debug;
		};
		438D6C671F6EBB58002E4F22 /* Release */ = {
			isa = XCBuildConfiguration;
			buildSettings = {
				ALWAYS_EMBED_SWIFT_STANDARD_LIBRARIES = YES;
				ASSETCATALOG_COMPILER_APPICON_NAME = AppIcon;
				FRAMEWORK_SEARCH_PATHS = (
					"$(inherited)",
					"$(PROJECT_DIR)/Carthage/Build/iOS",
				);
				INFOPLIST_FILE = SanjiKanji/Info.plist;
				LD_RUNPATH_SEARCH_PATHS = "$(inherited) @executable_path/Frameworks";
				PRODUCT_BUNDLE_IDENTIFIER = com.haawa.SanjiKanji;
				PRODUCT_NAME = "$(TARGET_NAME)";
				SWIFT_VERSION = 4.0;
				TARGETED_DEVICE_FAMILY = "1,2";
			};
			name = Release;
		};
/* End XCBuildConfiguration section */

/* Begin XCConfigurationList section */
		43639CAE1F6EDF4C00E5D9F4 /* Build configuration list for PBXNativeTarget "AllKanjiExportKit" */ = {
			isa = XCConfigurationList;
			buildConfigurations = (
				43639CAC1F6EDF4C00E5D9F4 /* Debug */,
				43639CAD1F6EDF4C00E5D9F4 /* Release */,
			);
			defaultConfigurationIsVisible = 0;
			defaultConfigurationName = Release;
		};
		43639CC11F6EFC2500E5D9F4 /* Build configuration list for PBXNativeTarget "SanjiPersistance" */ = {
			isa = XCConfigurationList;
			buildConfigurations = (
				43639CC21F6EFC2500E5D9F4 /* Debug */,
				43639CC31F6EFC2500E5D9F4 /* Release */,
			);
			defaultConfigurationIsVisible = 0;
			defaultConfigurationName = Release;
		};
		438D6C4E1F6EBB58002E4F22 /* Build configuration list for PBXProject "KanjiExporter" */ = {
			isa = XCConfigurationList;
			buildConfigurations = (
				438D6C631F6EBB58002E4F22 /* Debug */,
				438D6C641F6EBB58002E4F22 /* Release */,
			);
			defaultConfigurationIsVisible = 0;
			defaultConfigurationName = Release;
		};
		438D6C651F6EBB58002E4F22 /* Build configuration list for PBXNativeTarget "KanjiExporter" */ = {
			isa = XCConfigurationList;
			buildConfigurations = (
				438D6C661F6EBB58002E4F22 /* Debug */,
				438D6C671F6EBB58002E4F22 /* Release */,
			);
			defaultConfigurationIsVisible = 0;
			defaultConfigurationName = Release;
		};
/* End XCConfigurationList section */
	};
	rootObject = 438D6C4B1F6EBB58002E4F22 /* Project object */;
}
